
Microsoft Visual Studio Solution File, Format Version 12.00
# Visual Studio Version 17
VisualStudioVersion = 17.13.35828.75 d17.13
MinimumVisualStudioVersion = 10.0.40219.1
Project("{FAE04EC0-301F-11D3-BF4B-00C04F79EFBC}") = "mvclect02", "mvclect02\mvclect02.csproj", "{36119030-DF4E-44BB-B27E-3823E7E1369B}"
EndProject
Global
	GlobalSection(SolutionConfigurationPlatforms) = preSolution
		Debug|Any CPU = Debug|Any CPU
		Release|Any CPU = Release|Any CPU
	EndGlobalSection
	GlobalSection(ProjectConfigurationPlatforms) = postSolution
		{36119030-DF4E-44BB-B27E-3823E7E1369B}.Debug|Any CPU.ActiveCfg = Debug|Any CPU
		{36119030-DF4E-44BB-B27E-3823E7E1369B}.Debug|Any CPU.Build.0 = Debug|Any CPU
		{36119030-DF4E-44BB-B27E-3823E7E1369B}.Release|Any CPU.ActiveCfg = Release|Any CPU
		{36119030-DF4E-44BB-B27E-3823E7E1369B}.Release|Any CPU.Build.0 = Release|Any CPU
	EndGlobalSection
	GlobalSection(SolutionProperties) = preSolution
		HideSolutionNode = FALSE
	EndGlobalSection
	GlobalSection(ExtensibilityGlobals) = postSolution
		SolutionGuid = {5A5ACE6E-D574-4D06-A5C0-7F6B494061C0}
	EndGlobalSection
EndGlobal
