
Microsoft Visual Studio Solution File, Format Version 12.00
# Visual Studio Version 17
VisualStudioVersion = 17.4.33213.308
MinimumVisualStudioVersion = 10.0.40219.1
Project("{FAE04EC0-301F-11D3-BF4B-00C04F79EFBC}") = "WsLinqAssignment", "WsLinqAssignment\WsLinqAssignment.csproj", "{BED93034-9FF2-44CE-8B4A-41F0BAB7B8D3}"
EndProject
Global
	GlobalSection(SolutionConfigurationPlatforms) = preSolution
		Debug|Any CPU = Debug|Any CPU
		Release|Any CPU = Release|Any CPU
	EndGlobalSection
	GlobalSection(ProjectConfigurationPlatforms) = postSolution
		{BED93034-9FF2-44CE-8B4A-41F0BAB7B8D3}.Debug|Any CPU.ActiveCfg = Debug|Any CPU
		{BED93034-9FF2-44CE-8B4A-41F0BAB7B8D3}.Debug|Any CPU.Build.0 = Debug|Any CPU
		{BED93034-9FF2-44CE-8B4A-41F0BAB7B8D3}.Release|Any CPU.ActiveCfg = Release|Any CPU
		{BED93034-9FF2-44CE-8B4A-41F0BAB7B8D3}.Release|Any CPU.Build.0 = Release|Any CPU
	EndGlobalSection
	GlobalSection(SolutionProperties) = preSolution
		HideSolutionNode = FALSE
	EndGlobalSection
	GlobalSection(ExtensibilityGlobals) = postSolution
		SolutionGuid = {F1E1D8CC-C6AD-4648-9636-4423B91E9A55}
	EndGlobalSection
EndGlobal
